
Microsoft Visual Studio Solution File, Format Version 12.00
# Visual Studio Version 17
VisualStudioVersion = 17.4.33213.308
MinimumVisualStudioVersion = 10.0.40219.1
Project("{FAE04EC0-301F-11D3-BF4B-00C04F79EFBC}") = "ChallengeApp", "ChallengeApp\ChallengeApp.csproj", "{07F31772-F7AE-48E9-804E-7B866FB82448}"
EndProject
Global
	GlobalSection(SolutionConfigurationPlatforms) = preSolution
		Debug|Any CPU = Debug|Any CPU
		Release|Any CPU = Release|Any CPU
	EndGlobalSection
	GlobalSection(ProjectConfigurationPlatforms) = postSolution
		{07F31772-F7AE-48E9-804E-7B866FB82448}.Debug|Any CPU.ActiveCfg = Debug|Any CPU
		{07F31772-F7AE-48E9-804E-7B866FB82448}.Debug|Any CPU.Build.0 = Debug|Any CPU
		{07F31772-F7AE-48E9-804E-7B866FB82448}.Release|Any CPU.ActiveCfg = Release|Any CPU
		{07F31772-F7AE-48E9-804E-7B866FB82448}.Release|Any CPU.Build.0 = Release|Any CPU
	EndGlobalSection
	GlobalSection(SolutionProperties) = preSolution
		HideSolutionNode = FALSE
	EndGlobalSection
	GlobalSection(ExtensibilityGlobals) = postSolution
		SolutionGuid = {A9DDF006-ED8B-4FC3-8B72-1C5452A0FAB8}
	EndGlobalSection
EndGlobal
